
Microsoft Visual Studio Solution File, Format Version 12.00
# Visual Studio Version 17
VisualStudioVersion = 17.3.32929.385
MinimumVisualStudioVersion = 10.0.40219.1
Project("{FAE04EC0-301F-11D3-BF4B-00C04F79EFBC}") = "Pr_2_class", "Pr_2_class.csproj", "{F737EBFE-6ECB-45C0-9D8A-3ED8754EA42E}"
EndProject
Global
	GlobalSection(SolutionConfigurationPlatforms) = preSolution
		Debug|Any CPU = Debug|Any CPU
		Release|Any CPU = Release|Any CPU
	EndGlobalSection
	GlobalSection(ProjectConfigurationPlatforms) = postSolution
		{F737EBFE-6ECB-45C0-9D8A-3ED8754EA42E}.Debug|Any CPU.ActiveCfg = Debug|Any CPU
		{F737EBFE-6ECB-45C0-9D8A-3ED8754EA42E}.Debug|Any CPU.Build.0 = Debug|Any CPU
		{F737EBFE-6ECB-45C0-9D8A-3ED8754EA42E}.Release|Any CPU.ActiveCfg = Release|Any CPU
		{F737EBFE-6ECB-45C0-9D8A-3ED8754EA42E}.Release|Any CPU.Build.0 = Release|Any CPU
	EndGlobalSection
	GlobalSection(SolutionProperties) = preSolution
		HideSolutionNode = FALSE
	EndGlobalSection
	GlobalSection(ExtensibilityGlobals) = postSolution
		SolutionGuid = {DA7A5C72-25F6-4DEE-BCCD-F3B7679E9B40}
	EndGlobalSection
EndGlobal
